
Microsoft Visual Studio Solution File, Format Version 12.00
# Visual Studio 15
VisualStudioVersion = 15.0.26430.16
MinimumVisualStudioVersion = 10.0.40219.1
Project("{FAE04EC0-301F-11D3-BF4B-00C04F79EFBC}") = "MiNET.Server", "MiNET.Server\MiNET.Server.csproj", "{3F4B6C8C-F040-428E-AC31-23144E25D215}"
	ProjectSection(ProjectDependencies) = postProject
		{A020BE16-EE06-4547-865A-715530A30193} = {A020BE16-EE06-4547-865A-715530A30193}
		{6E162F70-881B-4CC7-A1F2-8BA10F1D7C7D} = {6E162F70-881B-4CC7-A1F2-8BA10F1D7C7D}
		{4F029E79-C56F-4CA0-BDAB-0F07915BC12D} = {4F029E79-C56F-4CA0-BDAB-0F07915BC12D}
		{EAF5F683-470D-41A6-A69F-C6510F07E466} = {EAF5F683-470D-41A6-A69F-C6510F07E466}
	EndProjectSection
EndProject
Project("{2150E333-8FDC-42A3-9474-1A3956D46DE8}") = "Libs", "Libs", "{32910361-62DF-4C9B-B03B-F59CA601B234}"
	ProjectSection(SolutionItems) = preProject
		Libs\MiNET.dll = Libs\MiNET.dll
	EndProjectSection
EndProject
Project("{FAE04EC0-301F-11D3-BF4B-00C04F79EFBC}") = "MiMap.Drawing", "MiMap.Drawing\MiMap.Drawing.csproj", "{A020BE16-EE06-4547-865A-715530A30193}"
EndProject
Project("{FAE04EC0-301F-11D3-BF4B-00C04F79EFBC}") = "MiMap.Plugin", "MiMap.Plugin\MiMap.Plugin.csproj", "{6E162F70-881B-4CC7-A1F2-8BA10F1D7C7D}"
EndProject
Project("{FAE04EC0-301F-11D3-BF4B-00C04F79EFBC}") = "MiMap.GeneratorPlugin", "MiMap.GeneratorPlugin\MiMap.GeneratorPlugin.csproj", "{9F6676F8-F6BE-41A2-880B-806263FD54E5}"
EndProject
Project("{FAE04EC0-301F-11D3-BF4B-00C04F79EFBC}") = "MiMap.Web", "MiMap.Web\MiMap.Web.csproj", "{4F029E79-C56F-4CA0-BDAB-0F07915BC12D}"
EndProject
Project("{FAE04EC0-301F-11D3-BF4B-00C04F79EFBC}") = "MiMap.Common", "MiMap.Common\MiMap.Common.csproj", "{EAF5F683-470D-41A6-A69F-C6510F07E466}"
EndProject
Global
	GlobalSection(SolutionConfigurationPlatforms) = preSolution
		Debug|Any CPU = Debug|Any CPU
		Release|Any CPU = Release|Any CPU
	EndGlobalSection
	GlobalSection(ProjectConfigurationPlatforms) = postSolution
		{3F4B6C8C-F040-428E-AC31-23144E25D215}.Debug|Any CPU.ActiveCfg = Debug|Any CPU
		{3F4B6C8C-F040-428E-AC31-23144E25D215}.Debug|Any CPU.Build.0 = Debug|Any CPU
		{3F4B6C8C-F040-428E-AC31-23144E25D215}.Release|Any CPU.ActiveCfg = Release|Any CPU
		{3F4B6C8C-F040-428E-AC31-23144E25D215}.Release|Any CPU.Build.0 = Release|Any CPU
		{A020BE16-EE06-4547-865A-715530A30193}.Debug|Any CPU.ActiveCfg = Debug|Any CPU
		{A020BE16-EE06-4547-865A-715530A30193}.Debug|Any CPU.Build.0 = Debug|Any CPU
		{A020BE16-EE06-4547-865A-715530A30193}.Release|Any CPU.ActiveCfg = Release|Any CPU
		{A020BE16-EE06-4547-865A-715530A30193}.Release|Any CPU.Build.0 = Release|Any CPU
		{6E162F70-881B-4CC7-A1F2-8BA10F1D7C7D}.Debug|Any CPU.ActiveCfg = Debug|Any CPU
		{6E162F70-881B-4CC7-A1F2-8BA10F1D7C7D}.Debug|Any CPU.Build.0 = Debug|Any CPU
		{6E162F70-881B-4CC7-A1F2-8BA10F1D7C7D}.Release|Any CPU.ActiveCfg = Release|Any CPU
		{6E162F70-881B-4CC7-A1F2-8BA10F1D7C7D}.Release|Any CPU.Build.0 = Release|Any CPU
		{9F6676F8-F6BE-41A2-880B-806263FD54E5}.Debug|Any CPU.ActiveCfg = Debug|Any CPU
		{9F6676F8-F6BE-41A2-880B-806263FD54E5}.Debug|Any CPU.Build.0 = Debug|Any CPU
		{9F6676F8-F6BE-41A2-880B-806263FD54E5}.Release|Any CPU.ActiveCfg = Release|Any CPU
		{9F6676F8-F6BE-41A2-880B-806263FD54E5}.Release|Any CPU.Build.0 = Release|Any CPU
		{4F029E79-C56F-4CA0-BDAB-0F07915BC12D}.Debug|Any CPU.ActiveCfg = Debug|Any CPU
		{4F029E79-C56F-4CA0-BDAB-0F07915BC12D}.Debug|Any CPU.Build.0 = Debug|Any CPU
		{4F029E79-C56F-4CA0-BDAB-0F07915BC12D}.Release|Any CPU.ActiveCfg = Release|Any CPU
		{4F029E79-C56F-4CA0-BDAB-0F07915BC12D}.Release|Any CPU.Build.0 = Release|Any CPU
		{EAF5F683-470D-41A6-A69F-C6510F07E466}.Debug|Any CPU.ActiveCfg = Debug|Any CPU
		{EAF5F683-470D-41A6-A69F-C6510F07E466}.Debug|Any CPU.Build.0 = Debug|Any CPU
		{EAF5F683-470D-41A6-A69F-C6510F07E466}.Release|Any CPU.ActiveCfg = Release|Any CPU
		{EAF5F683-470D-41A6-A69F-C6510F07E466}.Release|Any CPU.Build.0 = Release|Any CPU
	EndGlobalSection
	GlobalSection(SolutionProperties) = preSolution
		HideSolutionNode = FALSE
	EndGlobalSection
EndGlobal
